
Microsoft Visual Studio Solution File, Format Version 12.00
# Visual Studio Version 17
VisualStudioVersion = 17.11.35208.52
MinimumVisualStudioVersion = 10.0.40219.1
Project("{2150E333-8FDC-42A3-9474-1A3956D46DE8}") = "Services", "Services", "{CCA0E877-98D1-4112-8DD3-8F1869F8FC0B}"
EndProject
Project("{2150E333-8FDC-42A3-9474-1A3956D46DE8}") = "Catalog", "Catalog", "{D055C912-AA48-49AD-BF3D-AD4CB1CCA606}"
EndProject
Project("{9A19103F-16F7-4668-BE54-9A1E7A4F7556}") = "MultiShop.Catalog", "Services\Catalog\MultiShop.Catalog\MultiShop.Catalog.csproj", "{3A278215-677D-484A-96CC-236AB4613F33}"
EndProject
Project("{2150E333-8FDC-42A3-9474-1A3956D46DE8}") = "Discount", "Discount", "{A2455AF6-C2FC-406A-B1E8-4CB030FCAFA2}"
EndProject
Project("{9A19103F-16F7-4668-BE54-9A1E7A4F7556}") = "MultiShop.Discount", "Services\Discount\MultiShop.Discount\MultiShop.Discount.csproj", "{5D4E8F62-1E03-4FC2-B39A-1EC44E29A8B3}"
EndProject
Project("{2150E333-8FDC-42A3-9474-1A3956D46DE8}") = "Order", "Order", "{5F6EF66C-1C17-47B5-ACFB-DD6B1058166E}"
EndProject
Project("{2150E333-8FDC-42A3-9474-1A3956D46DE8}") = "Core", "Core", "{8EB14D4D-6F94-4ED0-BC0D-93CAA06C4556}"
EndProject
Project("{2150E333-8FDC-42A3-9474-1A3956D46DE8}") = "Infrastructure", "Infrastructure", "{18268428-9ED1-49A9-959B-2EFF7E898B2A}"
EndProject
Project("{2150E333-8FDC-42A3-9474-1A3956D46DE8}") = "Presentation", "Presentation", "{53C92B60-9A79-4E33-9D7F-62C946C1DB0A}"
EndProject
Project("{9A19103F-16F7-4668-BE54-9A1E7A4F7556}") = "MultiShop.Order.Application", "Services\Order\Core\MultiShop.Order.Application\MultiShop.Order.Application.csproj", "{150DEED1-780A-4BB1-A728-E0122DCF73F6}"
EndProject
Project("{9A19103F-16F7-4668-BE54-9A1E7A4F7556}") = "MultiShop.Order.Domain", "Services\Order\Core\MultiShop.Order.Domain\MultiShop.Order.Domain.csproj", "{256BF813-BE12-485E-95DD-AC91D472943E}"
EndProject
Project("{9A19103F-16F7-4668-BE54-9A1E7A4F7556}") = "MultiShop.Order.Persistence", "Services\Order\Infrastructure\MultiShop.Order.Persistence\MultiShop.Order.Persistence.csproj", "{82FEB3CD-CD73-4342-BE92-35D6C2A9EB43}"
EndProject
Project("{9A19103F-16F7-4668-BE54-9A1E7A4F7556}") = "MultiShop.Order.WebApi", "Services\Order\Presentation\MultiShop.Order.WebApi\MultiShop.Order.WebApi.csproj", "{78204C93-E34F-4FEE-A634-54F2A41B2D03}"
EndProject
Project("{2150E333-8FDC-42A3-9474-1A3956D46DE8}") = "IdentityServer", "IdentityServer", "{60E6DE2E-932F-4F02-9F06-9B9FF3FFEC96}"
EndProject
Project("{9A19103F-16F7-4668-BE54-9A1E7A4F7556}") = "MultiShop.IdentityServer", "IdentityServer\MultiShop.IdentityServer\MultiShop.IdentityServer.csproj", "{E52FD87D-1220-4F1B-B862-AD9F1EF294D9}"
EndProject
Project("{2150E333-8FDC-42A3-9474-1A3956D46DE8}") = "Cargo", "Cargo", "{93479B0E-1E0A-4425-82CB-E2664644BB8D}"
EndProject
Project("{9A19103F-16F7-4668-BE54-9A1E7A4F7556}") = "MultiShop.Cargo.BusinessLayer", "Services\Cargo\MultiShop.Cargo.BusinessLayer\MultiShop.Cargo.BusinessLayer.csproj", "{F2102CE8-95B2-494F-9835-57C127CE3F02}"
EndProject
Project("{9A19103F-16F7-4668-BE54-9A1E7A4F7556}") = "MultiShop.Cargo.EntityLayer", "Services\Cargo\MultiShop.Cargo.EntityLayer\MultiShop.Cargo.EntityLayer.csproj", "{9A5AD58D-415F-43CA-B697-8FF8A0B1EF0A}"
EndProject
Project("{9A19103F-16F7-4668-BE54-9A1E7A4F7556}") = "MultiShop.Cargo.DataAccessLayer", "Services\Cargo\MultiShop.Cargo.DataAccessLayer\MultiShop.Cargo.DataAccessLayer.csproj", "{241F5757-0F37-4800-991B-3FF4F8685AA7}"
EndProject
Project("{9A19103F-16F7-4668-BE54-9A1E7A4F7556}") = "MultiShop.Cargo.DtoLayer", "Services\Cargo\MultiShop.Cargo.DtoLayer\MultiShop.Cargo.DtoLayer.csproj", "{6DBAAC53-B3B2-45CB-9B46-19B50759464F}"
EndProject
Project("{9A19103F-16F7-4668-BE54-9A1E7A4F7556}") = "MultiShop.Cargo.WebApi", "Services\Cargo\MultiShop.Cargo.WebApi\MultiShop.Cargo.WebApi.csproj", "{D9DCA021-C19E-4862-9E59-EBC206916FF8}"
EndProject
Project("{2150E333-8FDC-42A3-9474-1A3956D46DE8}") = "Basket", "Basket", "{0F27D9C1-1523-438B-AA6E-BF8C7BBD69D1}"
EndProject
Project("{9A19103F-16F7-4668-BE54-9A1E7A4F7556}") = "MultiShop.Basket", "Services\Basket\MultiShop.Basket\MultiShop.Basket.csproj", "{50C226F9-0B2A-43D6-B6F3-2E0E9CE44CDE}"
EndProject
Project("{2150E333-8FDC-42A3-9474-1A3956D46DE8}") = "Frontends", "Frontends", "{80C19FDC-CD69-4922-B4B9-D7849B2D4876}"
EndProject
Project("{FAE04EC0-301F-11D3-BF4B-00C04F79EFBC}") = "MultiShop.WebUI", "Frontends\MultiShop.WebUI\MultiShop.WebUI.csproj", "{49BB3A3A-40E6-4EB9-B2C5-24A3EE767BB8}"
EndProject
Global
	GlobalSection(SolutionConfigurationPlatforms) = preSolution
		Debug|Any CPU = Debug|Any CPU
		Release|Any CPU = Release|Any CPU
	EndGlobalSection
	GlobalSection(ProjectConfigurationPlatforms) = postSolution
		{3A278215-677D-484A-96CC-236AB4613F33}.Debug|Any CPU.ActiveCfg = Debug|Any CPU
		{3A278215-677D-484A-96CC-236AB4613F33}.Debug|Any CPU.Build.0 = Debug|Any CPU
		{3A278215-677D-484A-96CC-236AB4613F33}.Release|Any CPU.ActiveCfg = Release|Any CPU
		{3A278215-677D-484A-96CC-236AB4613F33}.Release|Any CPU.Build.0 = Release|Any CPU
		{5D4E8F62-1E03-4FC2-B39A-1EC44E29A8B3}.Debug|Any CPU.ActiveCfg = Debug|Any CPU
		{5D4E8F62-1E03-4FC2-B39A-1EC44E29A8B3}.Debug|Any CPU.Build.0 = Debug|Any CPU
		{5D4E8F62-1E03-4FC2-B39A-1EC44E29A8B3}.Release|Any CPU.ActiveCfg = Release|Any CPU
		{5D4E8F62-1E03-4FC2-B39A-1EC44E29A8B3}.Release|Any CPU.Build.0 = Release|Any CPU
		{150DEED1-780A-4BB1-A728-E0122DCF73F6}.Debug|Any CPU.ActiveCfg = Debug|Any CPU
		{150DEED1-780A-4BB1-A728-E0122DCF73F6}.Debug|Any CPU.Build.0 = Debug|Any CPU
		{150DEED1-780A-4BB1-A728-E0122DCF73F6}.Release|Any CPU.ActiveCfg = Release|Any CPU
		{150DEED1-780A-4BB1-A728-E0122DCF73F6}.Release|Any CPU.Build.0 = Release|Any CPU
		{256BF813-BE12-485E-95DD-AC91D472943E}.Debug|Any CPU.ActiveCfg = Debug|Any CPU
		{256BF813-BE12-485E-95DD-AC91D472943E}.Debug|Any CPU.Build.0 = Debug|Any CPU
		{256BF813-BE12-485E-95DD-AC91D472943E}.Release|Any CPU.ActiveCfg = Release|Any CPU
		{256BF813-BE12-485E-95DD-AC91D472943E}.Release|Any CPU.Build.0 = Release|Any CPU
		{82FEB3CD-CD73-4342-BE92-35D6C2A9EB43}.Debug|Any CPU.ActiveCfg = Debug|Any CPU
		{82FEB3CD-CD73-4342-BE92-35D6C2A9EB43}.Debug|Any CPU.Build.0 = Debug|Any CPU
		{82FEB3CD-CD73-4342-BE92-35D6C2A9EB43}.Release|Any CPU.ActiveCfg = Release|Any CPU
		{82FEB3CD-CD73-4342-BE92-35D6C2A9EB43}.Release|Any CPU.Build.0 = Release|Any CPU
		{78204C93-E34F-4FEE-A634-54F2A41B2D03}.Debug|Any CPU.ActiveCfg = Debug|Any CPU
		{78204C93-E34F-4FEE-A634-54F2A41B2D03}.Debug|Any CPU.Build.0 = Debug|Any CPU
		{78204C93-E34F-4FEE-A634-54F2A41B2D03}.Release|Any CPU.ActiveCfg = Release|Any CPU
		{78204C93-E34F-4FEE-A634-54F2A41B2D03}.Release|Any CPU.Build.0 = Release|Any CPU
		{E52FD87D-1220-4F1B-B862-AD9F1EF294D9}.Debug|Any CPU.ActiveCfg = Debug|Any CPU
		{E52FD87D-1220-4F1B-B862-AD9F1EF294D9}.Debug|Any CPU.Build.0 = Debug|Any CPU
		{E52FD87D-1220-4F1B-B862-AD9F1EF294D9}.Release|Any CPU.ActiveCfg = Release|Any CPU
		{E52FD87D-1220-4F1B-B862-AD9F1EF294D9}.Release|Any CPU.Build.0 = Release|Any CPU
		{F2102CE8-95B2-494F-9835-57C127CE3F02}.Debug|Any CPU.ActiveCfg = Debug|Any CPU
		{F2102CE8-95B2-494F-9835-57C127CE3F02}.Debug|Any CPU.Build.0 = Debug|Any CPU
		{F2102CE8-95B2-494F-9835-57C127CE3F02}.Release|Any CPU.ActiveCfg = Release|Any CPU
		{F2102CE8-95B2-494F-9835-57C127CE3F02}.Release|Any CPU.Build.0 = Release|Any CPU
		{9A5AD58D-415F-43CA-B697-8FF8A0B1EF0A}.Debug|Any CPU.ActiveCfg = Debug|Any CPU
		{9A5AD58D-415F-43CA-B697-8FF8A0B1EF0A}.Debug|Any CPU.Build.0 = Debug|Any CPU
		{9A5AD58D-415F-43CA-B697-8FF8A0B1EF0A}.Release|Any CPU.ActiveCfg = Release|Any CPU
		{9A5AD58D-415F-43CA-B697-8FF8A0B1EF0A}.Release|Any CPU.Build.0 = Release|Any CPU
		{241F5757-0F37-4800-991B-3FF4F8685AA7}.Debug|Any CPU.ActiveCfg = Debug|Any CPU
		{241F5757-0F37-4800-991B-3FF4F8685AA7}.Debug|Any CPU.Build.0 = Debug|Any CPU
		{241F5757-0F37-4800-991B-3FF4F8685AA7}.Release|Any CPU.ActiveCfg = Release|Any CPU
		{241F5757-0F37-4800-991B-3FF4F8685AA7}.Release|Any CPU.Build.0 = Release|Any CPU
		{6DBAAC53-B3B2-45CB-9B46-19B50759464F}.Debug|Any CPU.ActiveCfg = Debug|Any CPU
		{6DBAAC53-B3B2-45CB-9B46-19B50759464F}.Debug|Any CPU.Build.0 = Debug|Any CPU
		{6DBAAC53-B3B2-45CB-9B46-19B50759464F}.Release|Any CPU.ActiveCfg = Release|Any CPU
		{6DBAAC53-B3B2-45CB-9B46-19B50759464F}.Release|Any CPU.Build.0 = Release|Any CPU
		{D9DCA021-C19E-4862-9E59-EBC206916FF8}.Debug|Any CPU.ActiveCfg = Debug|Any CPU
		{D9DCA021-C19E-4862-9E59-EBC206916FF8}.Debug|Any CPU.Build.0 = Debug|Any CPU
		{D9DCA021-C19E-4862-9E59-EBC206916FF8}.Release|Any CPU.ActiveCfg = Release|Any CPU
		{D9DCA021-C19E-4862-9E59-EBC206916FF8}.Release|Any CPU.Build.0 = Release|Any CPU
		{50C226F9-0B2A-43D6-B6F3-2E0E9CE44CDE}.Debug|Any CPU.ActiveCfg = Debug|Any CPU
		{50C226F9-0B2A-43D6-B6F3-2E0E9CE44CDE}.Debug|Any CPU.Build.0 = Debug|Any CPU
		{50C226F9-0B2A-43D6-B6F3-2E0E9CE44CDE}.Release|Any CPU.ActiveCfg = Release|Any CPU
		{50C226F9-0B2A-43D6-B6F3-2E0E9CE44CDE}.Release|Any CPU.Build.0 = Release|Any CPU
		{49BB3A3A-40E6-4EB9-B2C5-24A3EE767BB8}.Debug|Any CPU.ActiveCfg = Debug|Any CPU
		{49BB3A3A-40E6-4EB9-B2C5-24A3EE767BB8}.Debug|Any CPU.Build.0 = Debug|Any CPU
		{49BB3A3A-40E6-4EB9-B2C5-24A3EE767BB8}.Release|Any CPU.ActiveCfg = Release|Any CPU
		{49BB3A3A-40E6-4EB9-B2C5-24A3EE767BB8}.Release|Any CPU.Build.0 = Release|Any CPU
	EndGlobalSection
	GlobalSection(SolutionProperties) = preSolution
		HideSolutionNode = FALSE
	EndGlobalSection
	GlobalSection(NestedProjects) = preSolution
		{D055C912-AA48-49AD-BF3D-AD4CB1CCA606} = {CCA0E877-98D1-4112-8DD3-8F1869F8FC0B}
		{3A278215-677D-484A-96CC-236AB4613F33} = {D055C912-AA48-49AD-BF3D-AD4CB1CCA606}
		{A2455AF6-C2FC-406A-B1E8-4CB030FCAFA2} = {CCA0E877-98D1-4112-8DD3-8F1869F8FC0B}
		{5D4E8F62-1E03-4FC2-B39A-1EC44E29A8B3} = {A2455AF6-C2FC-406A-B1E8-4CB030FCAFA2}
		{5F6EF66C-1C17-47B5-ACFB-DD6B1058166E} = {CCA0E877-98D1-4112-8DD3-8F1869F8FC0B}
		{8EB14D4D-6F94-4ED0-BC0D-93CAA06C4556} = {5F6EF66C-1C17-47B5-ACFB-DD6B1058166E}
		{18268428-9ED1-49A9-959B-2EFF7E898B2A} = {5F6EF66C-1C17-47B5-ACFB-DD6B1058166E}
		{53C92B60-9A79-4E33-9D7F-62C946C1DB0A} = {5F6EF66C-1C17-47B5-ACFB-DD6B1058166E}
		{150DEED1-780A-4BB1-A728-E0122DCF73F6} = {8EB14D4D-6F94-4ED0-BC0D-93CAA06C4556}
		{256BF813-BE12-485E-95DD-AC91D472943E} = {8EB14D4D-6F94-4ED0-BC0D-93CAA06C4556}
		{82FEB3CD-CD73-4342-BE92-35D6C2A9EB43} = {18268428-9ED1-49A9-959B-2EFF7E898B2A}
		{78204C93-E34F-4FEE-A634-54F2A41B2D03} = {53C92B60-9A79-4E33-9D7F-62C946C1DB0A}
		{E52FD87D-1220-4F1B-B862-AD9F1EF294D9} = {60E6DE2E-932F-4F02-9F06-9B9FF3FFEC96}
		{93479B0E-1E0A-4425-82CB-E2664644BB8D} = {CCA0E877-98D1-4112-8DD3-8F1869F8FC0B}
		{F2102CE8-95B2-494F-9835-57C127CE3F02} = {93479B0E-1E0A-4425-82CB-E2664644BB8D}
		{9A5AD58D-415F-43CA-B697-8FF8A0B1EF0A} = {93479B0E-1E0A-4425-82CB-E2664644BB8D}
		{241F5757-0F37-4800-991B-3FF4F8685AA7} = {93479B0E-1E0A-4425-82CB-E2664644BB8D}
		{6DBAAC53-B3B2-45CB-9B46-19B50759464F} = {93479B0E-1E0A-4425-82CB-E2664644BB8D}
		{D9DCA021-C19E-4862-9E59-EBC206916FF8} = {93479B0E-1E0A-4425-82CB-E2664644BB8D}
		{0F27D9C1-1523-438B-AA6E-BF8C7BBD69D1} = {CCA0E877-98D1-4112-8DD3-8F1869F8FC0B}
		{50C226F9-0B2A-43D6-B6F3-2E0E9CE44CDE} = {0F27D9C1-1523-438B-AA6E-BF8C7BBD69D1}
		{49BB3A3A-40E6-4EB9-B2C5-24A3EE767BB8} = {80C19FDC-CD69-4922-B4B9-D7849B2D4876}
	EndGlobalSection
	GlobalSection(ExtensibilityGlobals) = postSolution
		SolutionGuid = {CD43039F-87F8-4A03-8D5F-78B41B5792D3}
	EndGlobalSection
EndGlobal
